Microsoft Visual Studio Solution File, Format Version 11.00
# Visual Studio 2008

Project("{BD631A36-B412-CACA-CE87-397177FEEB7F}") = "0824_school", "Assembly-CSharp-firstpass-vs.csproj", "{5C146077-E029-2C3E-40D0-DF2B9CB294A0}"
EndProject
Project("{BD631A36-B412-CACA-CE87-397177FEEB7F}") = "0824_school", "Assembly-CSharp-vs.csproj", "{132C6FBB-4D90-0864-BE43-A4CD77D7B40B}"
EndProject
Project("{BD631A36-B412-CACA-CE87-397177FEEB7F}") = "0824_school", "Assembly-CSharp-Editor-vs.csproj", "{F661AE37-3D53-300D-14BB-751B926F845C}"
EndProject
Global
	GlobalSection(SolutionConfigurationPlatforms) = preSolution
		Debug|Any CPU = Debug|Any CPU
		Release|Any CPU = Release|Any CPU
	EndGlobalSection
	GlobalSection(ProjectConfigurationPlatforms) = postSolution
		{5C146077-E029-2C3E-40D0-DF2B9CB294A0}.Debug|Any CPU.ActiveCfg = Debug|Any CPU
		{5C146077-E029-2C3E-40D0-DF2B9CB294A0}.Debug|Any CPU.Build.0 = Debug|Any CPU
		{5C146077-E029-2C3E-40D0-DF2B9CB294A0}.Release|Any CPU.ActiveCfg = Release|Any CPU
		{5C146077-E029-2C3E-40D0-DF2B9CB294A0}.Release|Any CPU.Build.0 = Release|Any CPU
		{132C6FBB-4D90-0864-BE43-A4CD77D7B40B}.Debug|Any CPU.ActiveCfg = Debug|Any CPU
		{132C6FBB-4D90-0864-BE43-A4CD77D7B40B}.Debug|Any CPU.Build.0 = Debug|Any CPU
		{132C6FBB-4D90-0864-BE43-A4CD77D7B40B}.Release|Any CPU.ActiveCfg = Release|Any CPU
		{132C6FBB-4D90-0864-BE43-A4CD77D7B40B}.Release|Any CPU.Build.0 = Release|Any CPU
		{F661AE37-3D53-300D-14BB-751B926F845C}.Debug|Any CPU.ActiveCfg = Debug|Any CPU
		{F661AE37-3D53-300D-14BB-751B926F845C}.Debug|Any CPU.Build.0 = Debug|Any CPU
		{F661AE37-3D53-300D-14BB-751B926F845C}.Release|Any CPU.ActiveCfg = Release|Any CPU
		{F661AE37-3D53-300D-14BB-751B926F845C}.Release|Any CPU.Build.0 = Release|Any CPU
	EndGlobalSection
	GlobalSection(SolutionProperties) = preSolution
		HideSolutionNode = FALSE
	EndGlobalSection
			GlobalSection(MonoDevelopProperties) = preSolution
		StartupItem = Assembly-CSharp.csproj
		Policies = $0
		$0.TextStylePolicy = $1
		$1.inheritsSet = null
		$1.scope = text/x-csharp
		$0.CSharpFormattingPolicy = $2
		$2.inheritsSet = Mono
		$2.inheritsScope = text/x-csharp
		$2.scope = text/x-csharp
		$0.TextStylePolicy = $3
		$3.FileWidth = 120
		$3.TabWidth = 4
		$3.EolMarker = Unix
		$3.inheritsSet = Mono
		$3.inheritsScope = text/plain
		$3.scope = text/plain
	EndGlobalSection

EndGlobal
