Microsoft Visual Studio Solution File, Format Version 11.00
# Visual Studio 2008

Project("{0A5A4D73-8606-5C6C-6AC1-9C303768C7E1}") = "DB", "Assembly-CSharp-firstpass.csproj", "{D90DD9D7-BD1D-BF9E-CE0B-55BBC1D4FF6A}"
EndProject
Project("{0A5A4D73-8606-5C6C-6AC1-9C303768C7E1}") = "DB", "Assembly-CSharp.csproj", "{39911060-BB8F-A2DD-9D7C-845781DDFAD8}"
EndProject
Project("{0A5A4D73-8606-5C6C-6AC1-9C303768C7E1}") = "DB", "Assembly-CSharp-Editor.csproj", "{E32F7050-E052-D40F-8958-82D2C60A9B2E}"
EndProject
Project("{0A5A4D73-8606-5C6C-6AC1-9C303768C7E1}") = "DB", "Assembly-UnityScript-firstpass.unityproj", "{FA9EB592-26FE-6911-5AF2-8726A9FFB5BE}"
EndProject
Project("{0A5A4D73-8606-5C6C-6AC1-9C303768C7E1}") = "DB", "Assembly-UnityScript.unityproj", "{9A2209A1-05D3-AD4B-D865-9635CE5E706F}"
EndProject
Project("{0A5A4D73-8606-5C6C-6AC1-9C303768C7E1}") = "DB", "Assembly-UnityScript-Editor.unityproj", "{B90C2807-2934-4BF9-29E9-95392A54AD81}"
EndProject
Global
	GlobalSection(SolutionConfigurationPlatforms) = preSolution
		Debug|Any CPU = Debug|Any CPU
		Release|Any CPU = Release|Any CPU
	EndGlobalSection
	GlobalSection(ProjectConfigurationPlatforms) = postSolution
		{D90DD9D7-BD1D-BF9E-CE0B-55BBC1D4FF6A}.Debug|Any CPU.ActiveCfg = Debug|Any CPU
		{D90DD9D7-BD1D-BF9E-CE0B-55BBC1D4FF6A}.Debug|Any CPU.Build.0 = Debug|Any CPU
		{D90DD9D7-BD1D-BF9E-CE0B-55BBC1D4FF6A}.Release|Any CPU.ActiveCfg = Release|Any CPU
		{D90DD9D7-BD1D-BF9E-CE0B-55BBC1D4FF6A}.Release|Any CPU.Build.0 = Release|Any CPU
		{39911060-BB8F-A2DD-9D7C-845781DDFAD8}.Debug|Any CPU.ActiveCfg = Debug|Any CPU
		{39911060-BB8F-A2DD-9D7C-845781DDFAD8}.Debug|Any CPU.Build.0 = Debug|Any CPU
		{39911060-BB8F-A2DD-9D7C-845781DDFAD8}.Release|Any CPU.ActiveCfg = Release|Any CPU
		{39911060-BB8F-A2DD-9D7C-845781DDFAD8}.Release|Any CPU.Build.0 = Release|Any CPU
		{E32F7050-E052-D40F-8958-82D2C60A9B2E}.Debug|Any CPU.ActiveCfg = Debug|Any CPU
		{E32F7050-E052-D40F-8958-82D2C60A9B2E}.Debug|Any CPU.Build.0 = Debug|Any CPU
		{E32F7050-E052-D40F-8958-82D2C60A9B2E}.Release|Any CPU.ActiveCfg = Release|Any CPU
		{E32F7050-E052-D40F-8958-82D2C60A9B2E}.Release|Any CPU.Build.0 = Release|Any CPU
		{FA9EB592-26FE-6911-5AF2-8726A9FFB5BE}.Debug|Any CPU.ActiveCfg = Debug|Any CPU
		{FA9EB592-26FE-6911-5AF2-8726A9FFB5BE}.Debug|Any CPU.Build.0 = Debug|Any CPU
		{FA9EB592-26FE-6911-5AF2-8726A9FFB5BE}.Release|Any CPU.ActiveCfg = Release|Any CPU
		{FA9EB592-26FE-6911-5AF2-8726A9FFB5BE}.Release|Any CPU.Build.0 = Release|Any CPU
		{9A2209A1-05D3-AD4B-D865-9635CE5E706F}.Debug|Any CPU.ActiveCfg = Debug|Any CPU
		{9A2209A1-05D3-AD4B-D865-9635CE5E706F}.Debug|Any CPU.Build.0 = Debug|Any CPU
		{9A2209A1-05D3-AD4B-D865-9635CE5E706F}.Release|Any CPU.ActiveCfg = Release|Any CPU
		{9A2209A1-05D3-AD4B-D865-9635CE5E706F}.Release|Any CPU.Build.0 = Release|Any CPU
		{B90C2807-2934-4BF9-29E9-95392A54AD81}.Debug|Any CPU.ActiveCfg = Debug|Any CPU
		{B90C2807-2934-4BF9-29E9-95392A54AD81}.Debug|Any CPU.Build.0 = Debug|Any CPU
		{B90C2807-2934-4BF9-29E9-95392A54AD81}.Release|Any CPU.ActiveCfg = Release|Any CPU
		{B90C2807-2934-4BF9-29E9-95392A54AD81}.Release|Any CPU.Build.0 = Release|Any CPU
	EndGlobalSection
	GlobalSection(SolutionProperties) = preSolution
		HideSolutionNode = FALSE
	EndGlobalSection
																																																																																																																																																												GlobalSection(MonoDevelopProperties) = preSolution
		StartupItem = Assembly-CSharp.csproj
		Policies = $0
		$0.TextStylePolicy = $1
		$1.inheritsSet = null
		$1.scope = text/x-csharp
		$0.CSharpFormattingPolicy = $2
		$2.inheritsSet = Mono
		$2.inheritsScope = text/x-csharp
		$2.scope = text/x-csharp
		$0.TextStylePolicy = $3
		$3.FileWidth = 120
		$3.TabWidth = 4
		$3.EolMarker = Unix
		$3.inheritsSet = Mono
		$3.inheritsScope = text/plain
		$3.scope = text/plain
	EndGlobalSection

EndGlobal
