Microsoft Visual Studio Solution File, Format Version 11.00
# Visual Studio 2008

Project("{799AE762-DF57-2708-E4A9-852B943E06C1}") = "DB3", "Assembly-CSharp-firstpass.csproj", "{1EDA4639-AFEA-4D70-EB65-F793FE49CC95}"
EndProject
Project("{799AE762-DF57-2708-E4A9-852B943E06C1}") = "DB3", "Assembly-CSharp.csproj", "{D111B843-3441-1A73-8F20-70299D7F78AE}"
EndProject
Project("{799AE762-DF57-2708-E4A9-852B943E06C1}") = "DB3", "Assembly-CSharp-Editor.csproj", "{9E97C1CF-E21B-2875-6588-F4196C081205}"
EndProject
Project("{799AE762-DF57-2708-E4A9-852B943E06C1}") = "DB3", "Assembly-UnityScript-firstpass.unityproj", "{92C0CD6F-F10A-6F92-EB2A-524F29D3ACD4}"
EndProject
Project("{799AE762-DF57-2708-E4A9-852B943E06C1}") = "DB3", "Assembly-UnityScript.unityproj", "{CDE17DC6-2211-6611-B600-986E70619CBE}"
EndProject
Project("{799AE762-DF57-2708-E4A9-852B943E06C1}") = "DB3", "Assembly-UnityScript-Editor.unityproj", "{9758B693-B07F-776E-5CD3-6E5DA461BBCC}"
EndProject
Global
	GlobalSection(SolutionConfigurationPlatforms) = preSolution
		Debug|Any CPU = Debug|Any CPU
		Release|Any CPU = Release|Any CPU
	EndGlobalSection
	GlobalSection(ProjectConfigurationPlatforms) = postSolution
		{1EDA4639-AFEA-4D70-EB65-F793FE49CC95}.Debug|Any CPU.ActiveCfg = Debug|Any CPU
		{1EDA4639-AFEA-4D70-EB65-F793FE49CC95}.Debug|Any CPU.Build.0 = Debug|Any CPU
		{1EDA4639-AFEA-4D70-EB65-F793FE49CC95}.Release|Any CPU.ActiveCfg = Release|Any CPU
		{1EDA4639-AFEA-4D70-EB65-F793FE49CC95}.Release|Any CPU.Build.0 = Release|Any CPU
		{D111B843-3441-1A73-8F20-70299D7F78AE}.Debug|Any CPU.ActiveCfg = Debug|Any CPU
		{D111B843-3441-1A73-8F20-70299D7F78AE}.Debug|Any CPU.Build.0 = Debug|Any CPU
		{D111B843-3441-1A73-8F20-70299D7F78AE}.Release|Any CPU.ActiveCfg = Release|Any CPU
		{D111B843-3441-1A73-8F20-70299D7F78AE}.Release|Any CPU.Build.0 = Release|Any CPU
		{9E97C1CF-E21B-2875-6588-F4196C081205}.Debug|Any CPU.ActiveCfg = Debug|Any CPU
		{9E97C1CF-E21B-2875-6588-F4196C081205}.Debug|Any CPU.Build.0 = Debug|Any CPU
		{9E97C1CF-E21B-2875-6588-F4196C081205}.Release|Any CPU.ActiveCfg = Release|Any CPU
		{9E97C1CF-E21B-2875-6588-F4196C081205}.Release|Any CPU.Build.0 = Release|Any CPU
		{92C0CD6F-F10A-6F92-EB2A-524F29D3ACD4}.Debug|Any CPU.ActiveCfg = Debug|Any CPU
		{92C0CD6F-F10A-6F92-EB2A-524F29D3ACD4}.Debug|Any CPU.Build.0 = Debug|Any CPU
		{92C0CD6F-F10A-6F92-EB2A-524F29D3ACD4}.Release|Any CPU.ActiveCfg = Release|Any CPU
		{92C0CD6F-F10A-6F92-EB2A-524F29D3ACD4}.Release|Any CPU.Build.0 = Release|Any CPU
		{CDE17DC6-2211-6611-B600-986E70619CBE}.Debug|Any CPU.ActiveCfg = Debug|Any CPU
		{CDE17DC6-2211-6611-B600-986E70619CBE}.Debug|Any CPU.Build.0 = Debug|Any CPU
		{CDE17DC6-2211-6611-B600-986E70619CBE}.Release|Any CPU.ActiveCfg = Release|Any CPU
		{CDE17DC6-2211-6611-B600-986E70619CBE}.Release|Any CPU.Build.0 = Release|Any CPU
		{9758B693-B07F-776E-5CD3-6E5DA461BBCC}.Debug|Any CPU.ActiveCfg = Debug|Any CPU
		{9758B693-B07F-776E-5CD3-6E5DA461BBCC}.Debug|Any CPU.Build.0 = Debug|Any CPU
		{9758B693-B07F-776E-5CD3-6E5DA461BBCC}.Release|Any CPU.ActiveCfg = Release|Any CPU
		{9758B693-B07F-776E-5CD3-6E5DA461BBCC}.Release|Any CPU.Build.0 = Release|Any CPU
	EndGlobalSection
	GlobalSection(SolutionProperties) = preSolution
		HideSolutionNode = FALSE
	EndGlobalSection
																		GlobalSection(MonoDevelopProperties) = preSolution
		StartupItem = Assembly-CSharp.csproj
		Policies = $0
		$0.TextStylePolicy = $1
		$1.inheritsSet = null
		$1.scope = text/x-csharp
		$0.CSharpFormattingPolicy = $2
		$2.inheritsSet = Mono
		$2.inheritsScope = text/x-csharp
		$2.scope = text/x-csharp
		$0.TextStylePolicy = $3
		$3.FileWidth = 120
		$3.TabWidth = 4
		$3.EolMarker = Unix
		$3.inheritsSet = Mono
		$3.inheritsScope = text/plain
		$3.scope = text/plain
	EndGlobalSection

EndGlobal
